
Microsoft Visual Studio Solution File, Format Version 12.00
# Visual Studio Version 17
VisualStudioVersion = 17.14.36127.28 d17.14
MinimumVisualStudioVersion = 10.0.40219.1
Project("{FAE04EC0-301F-11D3-BF4B-00C04F79EFBC}") = "KafkaFinalWorkingProject", "KafkaFinalWorkingProject\KafkaFinalWorkingProject.csproj", "{188EA59E-0F08-48FE-BE30-EA396EFD9313}"
EndProject
Global
	GlobalSection(SolutionConfigurationPlatforms) = preSolution
		Debug|Any CPU = Debug|Any CPU
		Release|Any CPU = Release|Any CPU
	EndGlobalSection
	GlobalSection(ProjectConfigurationPlatforms) = postSolution
		{188EA59E-0F08-48FE-BE30-EA396EFD9313}.Debug|Any CPU.ActiveCfg = Debug|Any CPU
		{188EA59E-0F08-48FE-BE30-EA396EFD9313}.Debug|Any CPU.Build.0 = Debug|Any CPU
		{188EA59E-0F08-48FE-BE30-EA396EFD9313}.Release|Any CPU.ActiveCfg = Release|Any CPU
		{188EA59E-0F08-48FE-BE30-EA396EFD9313}.Release|Any CPU.Build.0 = Release|Any CPU
	EndGlobalSection
	GlobalSection(SolutionProperties) = preSolution
		HideSolutionNode = FALSE
	EndGlobalSection
	GlobalSection(ExtensibilityGlobals) = postSolution
		SolutionGuid = {D384ED79-6C7B-4F9E-A941-59F6DCAD7069}
	EndGlobalSection
EndGlobal
